// !$*UTF8*$!
{
	archiveVersion = 1;
	classes = {
	};
	objectVersion = 50;
	objects = {

/* Begin PBXBuildFile section */
		3503C621217A807000A01872 /* AppDelegate.swift in Sources */ = {isa = PBXBuildFile; fileRef = 3503C620217A807000A01872 /* AppDelegate.swift */; };
		3503C623217A807000A01872 /* ViewController.swift in Sources */ = {isa = PBXBuildFile; fileRef = 3503C622217A807000A01872 /* ViewController.swift */; };
		3503C628217A807200A01872 /* Assets.xcassets in Resources */ = {isa = PBXBuildFile; fileRef = 3503C627217A807200A01872 /* Assets.xcassets */; };
		3503C62B217A807200A01872 /* LaunchScreen.storyboard in Resources */ = {isa = PBXBuildFile; fileRef = 3503C629217A807200A01872 /* LaunchScreen.storyboard */; };
		3503C636217A807200A01872 /* CardAppTests.swift in Sources */ = {isa = PBXBuildFile; fileRef = 3503C635217A807200A01872 /* CardAppTests.swift */; };
		3503C641217A807200A01872 /* CardAppUITests.swift in Sources */ = {isa = PBXBuildFile; fileRef = 3503C640217A807200A01872 /* CardAppUITests.swift */; };
		3503C64F217A81C800A01872 /* CardViewController.swift in Sources */ = {isa = PBXBuildFile; fileRef = 3503C64E217A81C800A01872 /* CardViewController.swift */; };
		3503C653217A893300A01872 /* CardView.swift in Sources */ = {isa = PBXBuildFile; fileRef = 3503C652217A893300A01872 /* CardView.swift */; };
/* End PBXBuildFile section */

/* Begin PBXContainerItemProxy section */
		3503C632217A807200A01872 /* PBXContainerItemProxy */ = {
			isa = PBXContainerItemProxy;
			containerPortal = 3503C615217A807000A01872 /* Project object */;
			proxyType = 1;
			remoteGlobalIDString = 3503C61C217A807000A01872;
			remoteInfo = CardApp;
		};
		3503C63D217A807200A01872 /* PBXContainerItemProxy */ = {
			isa = PBXContainerItemProxy;
			containerPortal = 3503C615217A807000A01872 /* Project object */;
			proxyType = 1;
			remoteGlobalIDString = 3503C61C217A807000A01872;
			remoteInfo = CardApp;
		};
/* End PBXContainerItemProxy section */

/* Begin PBXFileReference section */
		3503C61D217A807000A01872 /* CardApp.app */ = {isa = PBXFileReference; explicitFileType = wrapper.application; includeInIndex = 0; path = CardApp.app; sourceTree = BUILT_PRODUCTS_DIR; };
		3503C620217A807000A01872 /* AppDelegate.swift */ = {isa = PBXFileReference; lastKnownFileType = sourcecode.swift; path = AppDelegate.swift; sourceTree = "<group>"; };
		3503C622217A807000A01872 /* ViewController.swift */ = {isa = PBXFileReference; lastKnownFileType = sourcecode.swift; path = ViewController.swift; sourceTree = "<group>"; };
		3503C627217A807200A01872 /* Assets.xcassets */ = {isa = PBXFileReference; lastKnownFileType = folder.assetcatalog; path = Assets.xcassets; sourceTree = "<group>"; };
		3503C62A217A807200A01872 /* Base */ = {isa = PBXFileReference; lastKnownFileType = file.storyboard; name = Base; path = Base.lproj/LaunchScreen.storyboard; sourceTree = "<group>"; };
		3503C62C217A807200A01872 /* Info.plist */ = {isa = PBXFileReference; lastKnownFileType = text.plist.xml; path = Info.plist; sourceTree = "<group>"; };
		3503C631217A807200A01872 /* CardAppTests.xctest */ = {isa = PBXFileReference; explicitFileType = wrapper.cfbundle; includeInIndex = 0; path = CardAppTests.xctest; sourceTree = BUILT_PRODUCTS_DIR; };
		3503C635217A807200A01872 /* CardAppTests.swift */ = {isa = PBXFileReference; lastKnownFileType = sourcecode.swift; path = CardAppTests.swift; sourceTree = "<group>"; };
		3503C637217A807200A01872 /* Info.plist */ = {isa = PBXFileReference; lastKnownFileType = text.plist.xml; path = Info.plist; sourceTree = "<group>"; };
		3503C63C217A807200A01872 /* CardAppUITests.xctest */ = {isa = PBXFileReference; explicitFileType = wrapper.cfbundle; includeInIndex = 0; path = CardAppUITests.xctest; sourceTree = BUILT_PRODUCTS_DIR; };
		3503C640217A807200A01872 /* CardAppUITests.swift */ = {isa = PBXFileReference; lastKnownFileType = sourcecode.swift; path = CardAppUITests.swift; sourceTree = "<group>"; };
		3503C642217A807200A01872 /* Info.plist */ = {isa = PBXFileReference; lastKnownFileType = text.plist.xml; path = Info.plist; sourceTree = "<group>"; };
		3503C64E217A81C800A01872 /* CardViewController.swift */ = {isa = PBXFileReference; lastKnownFileType = sourcecode.swift; path = CardViewController.swift; sourceTree = "<group>"; };
		3503C652217A893300A01872 /* CardView.swift */ = {isa = PBXFileReference; lastKnownFileType = sourcecode.swift; path = CardView.swift; sourceTree = "<group>"; };
/* End PBXFileReference section */

/* Begin PBXFrameworksBuildPhase section */
		3503C61A217A807000A01872 /* Frameworks */ = {
			isa = PBXFrameworksBuildPhase;
			buildActionMask = 2147483647;
			files = (
			);
			runOnlyForDeploymentPostprocessing = 0;
		};
		3503C62E217A807200A01872 /* Frameworks */ = {
			isa = PBXFrameworksBuildPhase;
			buildActionMask = 2147483647;
			files = (
			);
			runOnlyForDeploymentPostprocessing = 0;
		};
		3503C639217A807200A01872 /* Frameworks */ = {
			isa = PBXFrameworksBuildPhase;
			buildActionMask = 2147483647;
			files = (
			);
			runOnlyForDeploymentPostprocessing = 0;
		};
/* End PBXFrameworksBuildPhase section */

/* Begin PBXGroup section */
		3503C614217A807000A01872 = {
			isa = PBXGroup;
			children = (
				3503C61F217A807000A01872 /* CardApp */,
				3503C634217A807200A01872 /* CardAppTests */,
				3503C63F217A807200A01872 /* CardAppUITests */,
				3503C61E217A807000A01872 /* Products */,
			);
			sourceTree = "<group>";
		};
		3503C61E217A807000A01872 /* Products */ = {
			isa = PBXGroup;
			children = (
				3503C61D217A807000A01872 /* CardApp.app */,
				3503C631217A807200A01872 /* CardAppTests.xctest */,
				3503C63C217A807200A01872 /* CardAppUITests.xctest */,
			);
			name = Products;
			sourceTree = "<group>";
		};
		3503C61F217A807000A01872 /* CardApp */ = {
			isa = PBXGroup;
			children = (
				3503C620217A807000A01872 /* AppDelegate.swift */,
				3503C622217A807000A01872 /* ViewController.swift */,
				3503C627217A807200A01872 /* Assets.xcassets */,
				3503C629217A807200A01872 /* LaunchScreen.storyboard */,
				3503C62C217A807200A01872 /* Info.plist */,
				3503C64E217A81C800A01872 /* CardViewController.swift */,
				3503C652217A893300A01872 /* CardView.swift */,
			);
			path = CardApp;
			sourceTree = "<group>";
		};
		3503C634217A807200A01872 /* CardAppTests */ = {
			isa = PBXGroup;
			children = (
				3503C635217A807200A01872 /* CardAppTests.swift */,
				3503C637217A807200A01872 /* Info.plist */,
			);
			path = CardAppTests;
			sourceTree = "<group>";
		};
		3503C63F217A807200A01872 /* CardAppUITests */ = {
			isa = PBXGroup;
			children = (
				3503C640217A807200A01872 /* CardAppUITests.swift */,
				3503C642217A807200A01872 /* Info.plist */,
			);
			path = CardAppUITests;
			sourceTree = "<group>";
		};
/* End PBXGroup section */

/* Begin PBXNativeTarget section */
		3503C61C217A807000A01872 /* CardApp */ = {
			isa = PBXNativeTarget;
			buildConfigurationList = 3503C645217A807200A01872 /* Build configuration list for PBXNativeTarget "CardApp" */;
			buildPhases = (
				3503C619217A807000A01872 /* Sources */,
				3503C61A217A807000A01872 /* Frameworks */,
				3503C61B217A807000A01872 /* Resources */,
			);
			buildRules = (
			);
			dependencies = (
			);
			name = CardApp;
			productName = CardApp;
			productReference = 3503C61D217A807000A01872 /* CardApp.app */;
			productType = "com.apple.product-type.application";
		};
		3503C630217A807200A01872 /* CardAppTests */ = {
			isa = PBXNativeTarget;
			buildConfigurationList = 3503C648217A807200A01872 /* Build configuration list for PBXNativeTarget "CardAppTests" */;
			buildPhases = (
				3503C62D217A807200A01872 /* Sources */,
				3503C62E217A807200A01872 /* Frameworks */,
				3503C62F217A807200A01872 /* Resources */,
			);
			buildRules = (
			);
			dependencies = (
				3503C633217A807200A01872 /* PBXTargetDependency */,
			);
			name = CardAppTests;
			productName = CardAppTests;
			productReference = 3503C631217A807200A01872 /* CardAppTests.xctest */;
			productType = "com.apple.product-type.bundle.unit-test";
		};
		3503C63B217A807200A01872 /* CardAppUITests */ = {
			isa = PBXNativeTarget;
			buildConfigurationList = 3503C64B217A807200A01872 /* Build configuration list for PBXNativeTarget "CardAppUITests" */;
			buildPhases = (
				3503C638217A807200A01872 /* Sources */,
				3503C639217A807200A01872 /* Frameworks */,
				3503C63A217A807200A01872 /* Resources */,
			);
			buildRules = (
			);
			dependencies = (
				3503C63E217A807200A01872 /* PBXTargetDependency */,
			);
			name = CardAppUITests;
			productName = CardAppUITests;
			productReference = 3503C63C217A807200A01872 /* CardAppUITests.xctest */;
			productType = "com.apple.product-type.bundle.ui-testing";
		};
/* End PBXNativeTarget section */

/* Begin PBXProject section */
		3503C615217A807000A01872 /* Project object */ = {
			isa = PBXProject;
			attributes = {
				LastSwiftUpdateCheck = 1000;
				LastUpgradeCheck = 1000;
				ORGANIZATIONNAME = "Jeremy Petter";
				TargetAttributes = {
					3503C61C217A807000A01872 = {
						CreatedOnToolsVersion = 10.0;
					};
					3503C630217A807200A01872 = {
						CreatedOnToolsVersion = 10.0;
						TestTargetID = 3503C61C217A807000A01872;
					};
					3503C63B217A807200A01872 = {
						CreatedOnToolsVersion = 10.0;
						TestTargetID = 3503C61C217A807000A01872;
					};
				};
			};
			buildConfigurationList = 3503C618217A807000A01872 /* Build configuration list for PBXProject "CardApp" */;
			compatibilityVersion = "Xcode 9.3";
			developmentRegion = en;
			hasScannedForEncodings = 0;
			knownRegions = (
				en,
				Base,
			);
			mainGroup = 3503C614217A807000A01872;
			productRefGroup = 3503C61E217A807000A01872 /* Products */;
			projectDirPath = "";
			projectRoot = "";
			targets = (
				3503C61C217A807000A01872 /* CardApp */,
				3503C630217A807200A01872 /* CardAppTests */,
				3503C63B217A807200A01872 /* CardAppUITests */,
			);
		};
/* End PBXProject section */

/* Begin PBXResourcesBuildPhase section */
		3503C61B217A807000A01872 /* Resources */ = {
			isa = PBXResourcesBuildPhase;
			buildActionMask = 2147483647;
			files = (
				3503C62B217A807200A01872 /* LaunchScreen.storyboard in Resources */,
				3503C628217A807200A01872 /* Assets.xcassets in Resources */,
			);
			runOnlyForDeploymentPostprocessing = 0;
		};
		3503C62F217A807200A01872 /* Resources */ = {
			isa = PBXResourcesBuildPhase;
			buildActionMask = 2147483647;
			files = (
			);
			runOnlyForDeploymentPostprocessing = 0;
		};
		3503C63A217A807200A01872 /* Resources */ = {
			isa = PBXResourcesBuildPhase;
			buildActionMask = 2147483647;
			files = (
			);
			runOnlyForDeploymentPostprocessing = 0;
		};
/* End PBXResourcesBuildPhase section */

/* Begin PBXSourcesBuildPhase section */
		3503C619217A807000A01872 /* Sources */ = {
			isa = PBXSourcesBuildPhase;
			buildActionMask = 2147483647;
			files = (
				3503C623217A807000A01872 /* ViewController.swift in Sources */,
				3503C621217A807000A01872 /* AppDelegate.swift in Sources */,
				3503C653217A893300A01872 /* CardView.swift in Sources */,
				3503C64F217A81C800A01872 /* CardViewController.swift in Sources */,
			);
			runOnlyForDeploymentPostprocessing = 0;
		};
		3503C62D217A807200A01872 /* Sources */ = {
			isa = PBXSourcesBuildPhase;
			buildActionMask = 2147483647;
			files = (
				3503C636217A807200A01872 /* CardAppTests.swift in Sources */,
			);
			runOnlyForDeploymentPostprocessing = 0;
		};
		3503C638217A807200A01872 /* Sources */ = {
			isa = PBXSourcesBuildPhase;
			buildActionMask = 2147483647;
			files = (
				3503C641217A807200A01872 /* CardAppUITests.swift in Sources */,
			);
			runOnlyForDeploymentPostprocessing = 0;
		};
/* End PBXSourcesBuildPhase section */

/* Begin PBXTargetDependency section */
		3503C633217A807200A01872 /* PBXTargetDependency */ = {
			isa = PBXTargetDependency;
			target = 3503C61C217A807000A01872 /* CardApp */;
			targetProxy = 3503C632217A807200A01872 /* PBXContainerItemProxy */;
		};
		3503C63E217A807200A01872 /* PBXTargetDependency */ = {
			isa = PBXTargetDependency;
			target = 3503C61C217A807000A01872 /* CardApp */;
			targetProxy = 3503C63D217A807200A01872 /* PBXContainerItemProxy */;
		};
/* End PBXTargetDependency section */

/* Begin PBXVariantGroup section */
		3503C629217A807200A01872 /* LaunchScreen.storyboard */ = {
			isa = PBXVariantGroup;
			children = (
				3503C62A217A807200A01872 /* Base */,
			);
			name = LaunchScreen.storyboard;
			sourceTree = "<group>";
		};
/* End PBXVariantGroup section */

/* Begin XCBuildConfiguration section */
		3503C643217A807200A01872 /* Debug */ = {
			isa = XCBuildConfiguration;
			buildSettings = {
				ALWAYS_SEARCH_USER_PATHS = NO;
				CLANG_ANALYZER_NONNULL = YES;
				CLANG_ANALYZER_NUMBER_OBJECT_CONVERSION = YES_AGGRESSIVE;
				CLANG_CXX_LANGUAGE_STANDARD = "gnu++14";
				CLANG_CXX_LIBRARY = "libc++";
				CLANG_ENABLE_MODULES = YES;
				CLANG_ENABLE_OBJC_ARC = YES;
				CLANG_ENABLE_OBJC_WEAK = YES;
				CLANG_WARN_BLOCK_CAPTURE_AUTORELEASING = YES;
				CLANG_WARN_BOOL_CONVERSION = YES;
				CLANG_WARN_COMMA = YES;
				CLANG_WARN_CONSTANT_CONVERSION = YES;
				CLANG_WARN_DEPRECATED_OBJC_IMPLEMENTATIONS = YES;
				CLANG_WARN_DIRECT_OBJC_ISA_USAGE = YES_ERROR;
				CLANG_WARN_DOCUMENTATION_COMMENTS = YES;
				CLANG_WARN_EMPTY_BODY = YES;
				CLANG_WARN_ENUM_CONVERSION = YES;
				CLANG_WARN_INFINITE_RECURSION = YES;
				CLANG_WARN_INT_CONVERSION = YES;
				CLANG_WARN_NON_LITERAL_NULL_CONVERSION = YES;
				CLANG_WARN_OBJC_IMPLICIT_RETAIN_SELF = YES;
				CLANG_WARN_OBJC_LITERAL_CONVERSION = YES;
				CLANG_WARN_OBJC_ROOT_CLASS = YES_ERROR;
				CLANG_WARN_RANGE_LOOP_ANALYSIS = YES;
				CLANG_WARN_STRICT_PROTOTYPES = YES;
				CLANG_WARN_SUSPICIOUS_MOVE = YES;
				CLANG_WARN_UNGUARDED_AVAILABILITY = YES_AGGRESSIVE;
				CLANG_WARN_UNREACHABLE_CODE = YES;
				CLANG_WARN__DUPLICATE_METHOD_MATCH = YES;
				CODE_SIGN_IDENTITY = "iPhone Developer";
				COPY_PHASE_STRIP = NO;
				DEBUG_INFORMATION_FORMAT = dwarf;
				ENABLE_STRICT_OBJC_MSGSEND = YES;
				ENABLE_TESTABILITY = YES;
				GCC_C_LANGUAGE_STANDARD = gnu11;
				GCC_DYNAMIC_NO_PIC = NO;
				GCC_NO_COMMON_BLOCKS = YES;
				GCC_OPTIMIZATION_LEVEL = 0;
				GCC_PREPROCESSOR_DEFINITIONS = (
					"DEBUG=1",
					"$(inherited)",
				);
				GCC_WARN_64_TO_32_BIT_CONVERSION = YES;
				GCC_WARN_ABOUT_RETURN_TYPE = YES_ERROR;
				GCC_WARN_UNDECLARED_SELECTOR = YES;
				GCC_WARN_UNINITIALIZED_AUTOS = YES_AGGRESSIVE;
				GCC_WARN_UNUSED_FUNCTION = YES;
				GCC_WARN_UNUSED_VARIABLE = YES;
				IPHONEOS_DEPLOYMENT_TARGET = 12.0;
				MTL_ENABLE_DEBUG_INFO = INCLUDE_SOURCE;
				MTL_FAST_MATH = YES;
				ONLY_ACTIVE_ARCH = YES;
				SDKROOT = iphoneos;
				SWIFT_ACTIVE_COMPILATION_CONDITIONS = DEBUG;
				SWIFT_OPTIMIZATION_LEVEL = "-Onone";
			};
			name = Debug;
		};
		3503C644217A807200A01872 /* Release */ = {
			isa = XCBuildConfiguration;
			buildSettings = {
				ALWAYS_SEARCH_USER_PATHS = NO;
				CLANG_ANALYZER_NONNULL = YES;
				CLANG_ANALYZER_NUMBER_OBJECT_CONVERSION = YES_AGGRESSIVE;
				CLANG_CXX_LANGUAGE_STANDARD = "gnu++14";
				CLANG_CXX_LIBRARY = "libc++";
				CLANG_ENABLE_MODULES = YES;
				CLANG_ENABLE_OBJC_ARC = YES;
				CLANG_ENABLE_OBJC_WEAK = YES;
				CLANG_WARN_BLOCK_CAPTURE_AUTORELEASING = YES;
				CLANG_WARN_BOOL_CONVERSION = YES;
				CLANG_WARN_COMMA = YES;
				CLANG_WARN_CONSTANT_CONVERSION = YES;
				CLANG_WARN_DEPRECATED_OBJC_IMPLEMENTATIONS = YES;
				CLANG_WARN_DIRECT_OBJC_ISA_USAGE = YES_ERROR;
				CLANG_WARN_DOCUMENTATION_COMMENTS = YES;
				CLANG_WARN_EMPTY_BODY = YES;
				CLANG_WARN_ENUM_CONVERSION = YES;
				CLANG_WARN_INFINITE_RECURSION = YES;
				CLANG_WARN_INT_CONVERSION = YES;
				CLANG_WARN_NON_LITERAL_NULL_CONVERSION = YES;
				CLANG_WARN_OBJC_IMPLICIT_RETAIN_SELF = YES;
				CLANG_WARN_OBJC_LITERAL_CONVERSION = YES;
				CLANG_WARN_OBJC_ROOT_CLASS = YES_ERROR;
				CLANG_WARN_RANGE_LOOP_ANALYSIS = YES;
				CLANG_WARN_STRICT_PROTOTYPES = YES;
				CLANG_WARN_SUSPICIOUS_MOVE = YES;
				CLANG_WARN_UNGUARDED_AVAILABILITY = YES_AGGRESSIVE;
				CLANG_WARN_UNREACHABLE_CODE = YES;
				CLANG_WARN__DUPLICATE_METHOD_MATCH = YES;
				CODE_SIGN_IDENTITY = "iPhone Developer";
				COPY_PHASE_STRIP = NO;
				DEBUG_INFORMATION_FORMAT = "dwarf-with-dsym";
				ENABLE_NS_ASSERTIONS = NO;
				ENABLE_STRICT_OBJC_MSGSEND = YES;
				GCC_C_LANGUAGE_STANDARD = gnu11;
				GCC_NO_COMMON_BLOCKS = YES;
				GCC_WARN_64_TO_32_BIT_CONVERSION = YES;
				GCC_WARN_ABOUT_RETURN_TYPE = YES_ERROR;
				GCC_WARN_UNDECLARED_SELECTOR = YES;
				GCC_WARN_UNINITIALIZED_AUTOS = YES_AGGRESSIVE;
				GCC_WARN_UNUSED_FUNCTION = YES;
				GCC_WARN_UNUSED_VARIABLE = YES;
				IPHONEOS_DEPLOYMENT_TARGET = 12.0;
				MTL_ENABLE_DEBUG_INFO = NO;
				MTL_FAST_MATH = YES;
				SDKROOT = iphoneos;
				SWIFT_COMPILATION_MODE = wholemodule;
				SWIFT_OPTIMIZATION_LEVEL = "-O";
				VALIDATE_PRODUCT = YES;
			};
			name = Release;
		};
		3503C646217A807200A01872 /* Debug */ = {
			isa = XCBuildConfiguration;
			buildSettings = {
				ASSETCATALOG_COMPILER_APPICON_NAME = AppIcon;
				CODE_SIGN_STYLE = Automatic;
				DEVELOPMENT_TEAM = 8S3SY3J4JU;
				INFOPLIST_FILE = CardApp/Info.plist;
				LD_RUNPATH_SEARCH_PATHS = (
					"$(inherited)",
					"@executable_path/Frameworks",
				);
				PRODUCT_BUNDLE_IDENTIFIER = com.jeremypetter.CardApp;
				PRODUCT_NAME = "$(TARGET_NAME)";
				SWIFT_VERSION = 4.2;
				TARGETED_DEVICE_FAMILY = "1,2";
			};
			name = Debug;
		};
		3503C647217A807200A01872 /* Release */ = {
			isa = XCBuildConfiguration;
			buildSettings = {
				ASSETCATALOG_COMPILER_APPICON_NAME = AppIcon;
				CODE_SIGN_STYLE = Automatic;
				DEVELOPMENT_TEAM = 8S3SY3J4JU;
				INFOPLIST_FILE = CardApp/Info.plist;
				LD_RUNPATH_SEARCH_PATHS = (
					"$(inherited)",
					"@executable_path/Frameworks",
				);
				PRODUCT_BUNDLE_IDENTIFIER = com.jeremypetter.CardApp;
				PRODUCT_NAME = "$(TARGET_NAME)";
				SWIFT_VERSION = 4.2;
				TARGETED_DEVICE_FAMILY = "1,2";
			};
			name = Release;
		};
		3503C649217A807200A01872 /* Debug */ = {
			isa = XCBuildConfiguration;
			buildSettings = {
				ALWAYS_EMBED_SWIFT_STANDARD_LIBRARIES = YES;
				BUNDLE_LOADER = "$(TEST_HOST)";
				CODE_SIGN_STYLE = Automatic;
				DEVELOPMENT_TEAM = 8S3SY3J4JU;
				INFOPLIST_FILE = CardAppTests/Info.plist;
				LD_RUNPATH_SEARCH_PATHS = (
					"$(inherited)",
					"@executable_path/Frameworks",
					"@loader_path/Frameworks",
				);
				PRODUCT_BUNDLE_IDENTIFIER = com.jeremypetter.CardAppTests;
				PRODUCT_NAME = "$(TARGET_NAME)";
				SWIFT_VERSION = 4.2;
				TARGETED_DEVICE_FAMILY = "1,2";
				TEST_HOST = "$(BUILT_PRODUCTS_DIR)/CardApp.app/CardApp";
			};
			name = Debug;
		};
		3503C64A217A807200A01872 /* Release */ = {
			isa = XCBuildConfiguration;
			buildSettings = {
				ALWAYS_EMBED_SWIFT_STANDARD_LIBRARIES = YES;
				BUNDLE_LOADER = "$(TEST_HOST)";
				CODE_SIGN_STYLE = Automatic;
				DEVELOPMENT_TEAM = 8S3SY3J4JU;
				INFOPLIST_FILE = CardAppTests/Info.plist;
				LD_RUNPATH_SEARCH_PATHS = (
					"$(inherited)",
					"@executable_path/Frameworks",
					"@loader_path/Frameworks",
				);
				PRODUCT_BUNDLE_IDENTIFIER = com.jeremypetter.CardAppTests;
				PRODUCT_NAME = "$(TARGET_NAME)";
				SWIFT_VERSION = 4.2;
				TARGETED_DEVICE_FAMILY = "1,2";
				TEST_HOST = "$(BUILT_PRODUCTS_DIR)/CardApp.app/CardApp";
			};
			name = Release;
		};
		3503C64C217A807200A01872 /* Debug */ = {
			isa = XCBuildConfiguration;
			buildSettings = {
				ALWAYS_EMBED_SWIFT_STANDARD_LIBRARIES = YES;
				CODE_SIGN_STYLE = Automatic;
				DEVELOPMENT_TEAM = 8S3SY3J4JU;
				INFOPLIST_FILE = CardAppUITests/Info.plist;
				LD_RUNPATH_SEARCH_PATHS = (
					"$(inherited)",
					"@executable_path/Frameworks",
					"@loader_path/Frameworks",
				);
				PRODUCT_BUNDLE_IDENTIFIER = com.jeremypetter.CardAppUITests;
				PRODUCT_NAME = "$(TARGET_NAME)";
				SWIFT_VERSION = 4.2;
				TARGETED_DEVICE_FAMILY = "1,2";
				TEST_TARGET_NAME = CardApp;
			};
			name = Debug;
		};
		3503C64D217A807200A01872 /* Release */ = {
			isa = XCBuildConfiguration;
			buildSettings = {
				ALWAYS_EMBED_SWIFT_STANDARD_LIBRARIES = YES;
				CODE_SIGN_STYLE = Automatic;
				DEVELOPMENT_TEAM = 8S3SY3J4JU;
				INFOPLIST_FILE = CardAppUITests/Info.plist;
				LD_RUNPATH_SEARCH_PATHS = (
					"$(inherited)",
					"@executable_path/Frameworks",
					"@loader_path/Frameworks",
				);
				PRODUCT_BUNDLE_IDENTIFIER = com.jeremypetter.CardAppUITests;
				PRODUCT_NAME = "$(TARGET_NAME)";
				SWIFT_VERSION = 4.2;
				TARGETED_DEVICE_FAMILY = "1,2";
				TEST_TARGET_NAME = CardApp;
			};
			name = Release;
		};
/* End XCBuildConfiguration section */

/* Begin XCConfigurationList section */
		3503C618217A807000A01872 /* Build configuration list for PBXProject "CardApp" */ = {
			isa = XCConfigurationList;
			buildConfigurations = (
				3503C643217A807200A01872 /* Debug */,
				3503C644217A807200A01872 /* Release */,
			);
			defaultConfigurationIsVisible = 0;
			defaultConfigurationName = Release;
		};
		3503C645217A807200A01872 /* Build configuration list for PBXNativeTarget "CardApp" */ = {
			isa = XCConfigurationList;
			buildConfigurations = (
				3503C646217A807200A01872 /* Debug */,
				3503C647217A807200A01872 /* Release */,
			);
			defaultConfigurationIsVisible = 0;
			defaultConfigurationName = Release;
		};
		3503C648217A807200A01872 /* Build configuration list for PBXNativeTarget "CardAppTests" */ = {
			isa = XCConfigurationList;
			buildConfigurations = (
				3503C649217A807200A01872 /* Debug */,
				3503C64A217A807200A01872 /* Release */,
			);
			defaultConfigurationIsVisible = 0;
			defaultConfigurationName = Release;
		};
		3503C64B217A807200A01872 /* Build configuration list for PBXNativeTarget "CardAppUITests" */ = {
			isa = XCConfigurationList;
			buildConfigurations = (
				3503C64C217A807200A01872 /* Debug */,
				3503C64D217A807200A01872 /* Release */,
			);
			defaultConfigurationIsVisible = 0;
			defaultConfigurationName = Release;
		};
/* End XCConfigurationList section */
	};
	rootObject = 3503C615217A807000A01872 /* Project object */;
}
